
Microsoft Visual Studio Solution File, Format Version 12.00
# Visual Studio Version 17
VisualStudioVersion = 17.14.36414.22 d17.14
MinimumVisualStudioVersion = 10.0.40219.1
Project("{FAE04EC0-301F-11D3-BF4B-00C04F79EFBC}") = "InstagramCloneBackend", "InstagramCloneBackend\InstagramCloneBackend.csproj", "{05A6E3FA-FEF6-4A43-9C60-FB17636DBAA6}"
EndProject
Global
	GlobalSection(SolutionConfigurationPlatforms) = preSolution
		Debug|Any CPU = Debug|Any CPU
		Release|Any CPU = Release|Any CPU
	EndGlobalSection
	GlobalSection(ProjectConfigurationPlatforms) = postSolution
		{05A6E3FA-FEF6-4A43-9C60-FB17636DBAA6}.Debug|Any CPU.ActiveCfg = Debug|Any CPU
		{05A6E3FA-FEF6-4A43-9C60-FB17636DBAA6}.Debug|Any CPU.Build.0 = Debug|Any CPU
		{05A6E3FA-FEF6-4A43-9C60-FB17636DBAA6}.Release|Any CPU.ActiveCfg = Release|Any CPU
		{05A6E3FA-FEF6-4A43-9C60-FB17636DBAA6}.Release|Any CPU.Build.0 = Release|Any CPU
	EndGlobalSection
	GlobalSection(SolutionProperties) = preSolution
		HideSolutionNode = FALSE
	EndGlobalSection
	GlobalSection(ExtensibilityGlobals) = postSolution
		SolutionGuid = {3BCCB34D-D24F-4E0F-AE3B-D934CD98E8BA}
	EndGlobalSection
EndGlobal
